# This file is automatically @generated by Cargo.
# It is not intended for manual editing.
version = 3

[[package]]
name = "Inflector"
version = "0.11.4"
source = "registry+https://github.com/rust-lang/crates.io-index"
checksum = "fe438c63458706e03479442743baae6c88256498e6431708f6dfc520a26515d3"
dependencies = [
 "lazy_static",
 "regex",
]

[[package]]
name = "aho-corasick"
version = "0.7.15"
source = "registry+https://github.com/rust-lang/crates.io-index"
checksum = "7404febffaa47dac81aa44dba71523c9d069b1bdc50a77db41195149e17f68e5"
dependencies = [
 "memchr",
]

[[package]]
name = "anyhow"
version = "1.0.40"
source = "registry+https://github.com/rust-lang/crates.io-index"
checksum = "28b2cd92db5cbd74e8e5028f7e27dd7aa3090e89e4f2a197cc7c8dfb69c7063b"

[[package]]
name = "autocfg"
version = "1.0.1"
source = "registry+https://github.com/rust-lang/crates.io-index"
checksum = "cdb031dd78e28731d87d56cc8ffef4a8f36ca26c38fe2de700543e627f8a464a"

[[package]]
name = "cfg-if"
version = "1.0.0"
source = "registry+https://github.com/rust-lang/crates.io-index"
checksum = "baf1de4339761588bc0619e3cbc0120ee582ebb74b53b4efbf79117bd2da40fd"

[[package]]
name = "drone-config"
version = "0.14.0"
source = "registry+https://github.com/rust-lang/crates.io-index"
checksum = "60c140619bb5836486ad7954a37b6b220725c00d5f03e9594ecb8af8a97cc653"
dependencies = [
 "anyhow",
 "serde",
 "toml",
]

[[package]]
name = "drone-core"
version = "0.14.2"
source = "registry+https://github.com/rust-lang/crates.io-index"
checksum = "1f53e62af6d3b37544af609d7adf4af093d88521c89f6ae29fba7aa3660feb51"
dependencies = [
 "drone-core-macros",
 "drone-ctypes",
 "futures",
 "typenum",
]

[[package]]
name = "drone-core-macros"
version = "0.14.2"
source = "registry+https://github.com/rust-lang/crates.io-index"
checksum = "d396783cb974ec9f8da219f3a07d997077f2f59bc789222d3c8fb1c51104db2e"
dependencies = [
 "Inflector",
 "drone-config",
 "drone-macros-core",
 "if_chain",
 "proc-macro2",
 "quote",
 "syn",
]

[[package]]
name = "drone-cortexm"
version = "0.14.1"
source = "registry+https://github.com/rust-lang/crates.io-index"
checksum = "c360470e79b9b894a8769329d733b3fd0834a13cc830971fc110ce2da724994c"
dependencies = [
 "drone-core",
 "drone-cortexm-macros",
 "futures",
]

[[package]]
name = "drone-cortexm-macros"
version = "0.14.1"
source = "registry+https://github.com/rust-lang/crates.io-index"
checksum = "39471955372375ca5751da796aced04bcc27826c049bc34d4fbad8ff6c03fd7a"
dependencies = [
 "Inflector",
 "drone-macros-core",
 "proc-macro2",
 "quote",
 "syn",
]

[[package]]
name = "drone-ctypes"
version = "0.14.2"
source = "registry+https://github.com/rust-lang/crates.io-index"
checksum = "41c07293c5282af7360e75c8fc025d94529127df344d51f3cd00fe77f96a62b1"

[[package]]
name = "drone-macros-core"
version = "0.14.2"
source = "registry+https://github.com/rust-lang/crates.io-index"
checksum = "e1fa02ca4298d8da04378a4d9b96a7a172b0aa538eb3454b1ac5f2e736e1946c"
dependencies = [
 "lazy_static",
 "proc-macro2",
 "quote",
 "regex",
 "syn",
]

[[package]]
name = "drone-nrf-map"
version = "0.14.0"
source = "registry+https://github.com/rust-lang/crates.io-index"
checksum = "4994750cc6eedbfe52e337a46f332c75af668c588edf48225e638ecd86f2f66d"
dependencies = [
 "drone-core",
 "drone-cortexm",
 "drone-nrf-map-periph-uarte",
 "drone-nrf-map-pieces",
]

[[package]]
name = "drone-nrf-map-periph-uarte"
version = "0.14.0"
source = "registry+https://github.com/rust-lang/crates.io-index"
checksum = "9213f5ab8026b5ee71fe290f7aaf5a4b91cf2f07e25203ea527d80a8b5966185"
dependencies = [
 "drone-core",
 "drone-cortexm",
 "drone-nrf-map-pieces",
]

[[package]]
name = "drone-nrf-map-pieces"
version = "0.14.0"
source = "registry+https://github.com/rust-lang/crates.io-index"
checksum = "82a747895af869d5b884103032ca535b344acf8052e97fc85925936bad07a5e1"
dependencies = [
 "drone-core",
 "drone-cortexm",
 "drone-nrf-map-pieces-1",
 "drone-nrf-map-pieces-10",
 "drone-nrf-map-pieces-11",
 "drone-nrf-map-pieces-12",
 "drone-nrf-map-pieces-2",
 "drone-nrf-map-pieces-3",
 "drone-nrf-map-pieces-4",
 "drone-nrf-map-pieces-5",
 "drone-nrf-map-pieces-6",
 "drone-nrf-map-pieces-7",
 "drone-nrf-map-pieces-8",
 "drone-nrf-map-pieces-9",
 "drone-nrf-map-svd",
]

[[package]]
name = "drone-nrf-map-pieces-1"
version = "0.14.0"
source = "registry+https://github.com/rust-lang/crates.io-index"
checksum = "423860503f21812dd9d9a90e14038773e2ee8f4a540886de2e7360c3aa881cc9"
dependencies = [
 "drone-core",
 "drone-cortexm",
 "drone-nrf-map-svd",
]

[[package]]
name = "drone-nrf-map-pieces-10"
version = "0.14.0"
source = "registry+https://github.com/rust-lang/crates.io-index"
checksum = "d1d19858e586ae43c8bb22a672bc300c458f8a81aeb28e6dcfe50fbb306a80fa"
dependencies = [
 "drone-core",
 "drone-cortexm",
 "drone-nrf-map-svd",
]

[[package]]
name = "drone-nrf-map-pieces-11"
version = "0.14.0"
source = "registry+https://github.com/rust-lang/crates.io-index"
checksum = "6d0454fb93c4ab8d86c25af26ceea9803200a3da81781cfdda9a87d1f5407494"
dependencies = [
 "drone-core",
 "drone-cortexm",
 "drone-nrf-map-svd",
]

[[package]]
name = "drone-nrf-map-pieces-12"
version = "0.14.0"
source = "registry+https://github.com/rust-lang/crates.io-index"
checksum = "f009fd054e3b3db6d5ec9220fe301b8c4b057d400d01c963830c293b5fda7847"
dependencies = [
 "drone-core",
 "drone-cortexm",
 "drone-nrf-map-svd",
]

[[package]]
name = "drone-nrf-map-pieces-2"
version = "0.14.0"
source = "registry+https://github.com/rust-lang/crates.io-index"
checksum = "961b119532d074ee1d466aaaf80725779337e959a8680a9898219035d53202f8"
dependencies = [
 "drone-core",
 "drone-cortexm",
 "drone-nrf-map-svd",
]

[[package]]
name = "drone-nrf-map-pieces-3"
version = "0.14.0"
source = "registry+https://github.com/rust-lang/crates.io-index"
checksum = "79488adef8c70b9f8cc24452eed1ba21cf22fc8820cd1b47c9c64b9aaae56c5c"
dependencies = [
 "drone-core",
 "drone-cortexm",
 "drone-nrf-map-svd",
]

[[package]]
name = "drone-nrf-map-pieces-4"
version = "0.14.0"
source = "registry+https://github.com/rust-lang/crates.io-index"
checksum = "e18fbae3e84605ca878962ad45db447bb1c51c2f20bd543addf31d6b5752a908"
dependencies = [
 "drone-core",
 "drone-cortexm",
 "drone-nrf-map-svd",
]

[[package]]
name = "drone-nrf-map-pieces-5"
version = "0.14.0"
source = "registry+https://github.com/rust-lang/crates.io-index"
checksum = "09bc3a859e12c8b264f5880c94a090939e1344d45cd983e57304fa7541894cc4"
dependencies = [
 "drone-core",
 "drone-cortexm",
 "drone-nrf-map-svd",
]

[[package]]
name = "drone-nrf-map-pieces-6"
version = "0.14.0"
source = "registry+https://github.com/rust-lang/crates.io-index"
checksum = "2c2ce3b7b1dcba398c16c1abfdba0e3fc48c4b914191eaf5f3b47dc0d27c64d1"
dependencies = [
 "drone-core",
 "drone-cortexm",
 "drone-nrf-map-svd",
]

[[package]]
name = "drone-nrf-map-pieces-7"
version = "0.14.0"
source = "registry+https://github.com/rust-lang/crates.io-index"
checksum = "6bd7514418691a9e34f8e79f2313e48783f3edbb0205f90c1cbbadaa9e9bbd0b"
dependencies = [
 "drone-core",
 "drone-cortexm",
 "drone-nrf-map-svd",
]

[[package]]
name = "drone-nrf-map-pieces-8"
version = "0.14.0"
source = "registry+https://github.com/rust-lang/crates.io-index"
checksum = "a696f9b1c830f10e3a9ae9ede8e5710a2963ec2ee8a1adfd26938c168915aea7"
dependencies = [
 "drone-core",
 "drone-cortexm",
 "drone-nrf-map-svd",
]

[[package]]
name = "drone-nrf-map-pieces-9"
version = "0.14.0"
source = "registry+https://github.com/rust-lang/crates.io-index"
checksum = "57b8aeb879b4670417e06639ea5b7eeb3c797730d538b5e766ef0a85bd7e3677"
dependencies = [
 "drone-core",
 "drone-cortexm",
 "drone-nrf-map-svd",
]

[[package]]
name = "drone-nrf-map-svd"
version = "0.14.0"
source = "registry+https://github.com/rust-lang/crates.io-index"
checksum = "b2183d7231ac1f4c9e24c5071ddbec2bcd128d526e14be52c8c25c91dcc85bf1"
dependencies = [
 "anyhow",
 "drone-svd",
]

[[package]]
name = "drone-nrf91-dso"
version = "0.14.0"
source = "registry+https://github.com/rust-lang/crates.io-index"
checksum = "a2000b4ea94c08c33fa4d3149b680571009778d4755fd40957918463e5741e02"
dependencies = [
 "drone-core",
 "drone-cortexm",
 "drone-nrf-map",
]

[[package]]
name = "drone-svd"
version = "0.14.0"
source = "registry+https://github.com/rust-lang/crates.io-index"
checksum = "10ad1a060d691843b275088b9f32eda38f5c223f2731b787c086bbef5d31f27b"
dependencies = [
 "anyhow",
 "indexmap",
 "serde",
 "serde-xml-rs",
]

[[package]]
name = "futures"
version = "0.3.14"
source = "registry+https://github.com/rust-lang/crates.io-index"
checksum = "a9d5813545e459ad3ca1bff9915e9ad7f1a47dc6a91b627ce321d5863b7dd253"
dependencies = [
 "futures-channel",
 "futures-core",
 "futures-io",
 "futures-sink",
 "futures-task",
 "futures-util",
]

[[package]]
name = "futures-channel"
version = "0.3.14"
source = "registry+https://github.com/rust-lang/crates.io-index"
checksum = "ce79c6a52a299137a6013061e0cf0e688fce5d7f1bc60125f520912fdb29ec25"
dependencies = [
 "futures-core",
 "futures-sink",
]

[[package]]
name = "futures-core"
version = "0.3.14"
source = "registry+https://github.com/rust-lang/crates.io-index"
checksum = "098cd1c6dda6ca01650f1a37a794245eb73181d0d4d4e955e2f3c37db7af1815"

[[package]]
name = "futures-io"
version = "0.3.14"
source = "registry+https://github.com/rust-lang/crates.io-index"
checksum = "365a1a1fb30ea1c03a830fdb2158f5236833ac81fa0ad12fe35b29cddc35cb04"

[[package]]
name = "futures-macro"
version = "0.3.14"
source = "registry+https://github.com/rust-lang/crates.io-index"
checksum = "668c6733a182cd7deb4f1de7ba3bf2120823835b3bcfbeacf7d2c4a773c1bb8b"
dependencies = [
 "proc-macro-hack",
 "proc-macro2",
 "quote",
 "syn",
]

[[package]]
name = "futures-sink"
version = "0.3.14"
source = "registry+https://github.com/rust-lang/crates.io-index"
checksum = "5c5629433c555de3d82861a7a4e3794a4c40040390907cfbfd7143a92a426c23"

[[package]]
name = "futures-task"
version = "0.3.14"
source = "registry+https://github.com/rust-lang/crates.io-index"
checksum = "ba7aa51095076f3ba6d9a1f702f74bd05ec65f555d70d2033d55ba8d69f581bc"

[[package]]
name = "futures-util"
version = "0.3.14"
source = "registry+https://github.com/rust-lang/crates.io-index"
checksum = "3c144ad54d60f23927f0a6b6d816e4271278b64f005ad65e4e35291d2de9c025"
dependencies = [
 "futures-channel",
 "futures-core",
 "futures-io",
 "futures-macro",
 "futures-sink",
 "futures-task",
 "memchr",
 "pin-project-lite",
 "pin-utils",
 "proc-macro-hack",
 "proc-macro-nested",
 "slab",
]

[[package]]
name = "hashbrown"
version = "0.9.1"
source = "registry+https://github.com/rust-lang/crates.io-index"
checksum = "d7afe4a420e3fe79967a00898cc1f4db7c8a49a9333a29f8a4bd76a253d5cd04"

[[package]]
name = "if_chain"
version = "1.0.1"
source = "registry+https://github.com/rust-lang/crates.io-index"
checksum = "1f7280c75fb2e2fc47080ec80ccc481376923acb04501957fc38f935c3de5088"

[[package]]
name = "indexmap"
version = "1.6.2"
source = "registry+https://github.com/rust-lang/crates.io-index"
checksum = "824845a0bf897a9042383849b02c1bc219c2383772efcd5c6f9766fa4b81aef3"
dependencies = [
 "autocfg",
 "hashbrown",
]

[[package]]
name = "lazy_static"
version = "1.4.0"
source = "registry+https://github.com/rust-lang/crates.io-index"
checksum = "e2abad23fbc42b3700f2f279844dc832adb2b2eb069b2df918f455c4e18cc646"

[[package]]
name = "log"
version = "0.4.14"
source = "registry+https://github.com/rust-lang/crates.io-index"
checksum = "51b9bbe6c47d51fc3e1a9b945965946b4c44142ab8792c50835a980d362c2710"
dependencies = [
 "cfg-if",
]

[[package]]
name = "memchr"
version = "2.3.4"
source = "registry+https://github.com/rust-lang/crates.io-index"
checksum = "0ee1c47aaa256ecabcaea351eae4a9b01ef39ed810004e298d2511ed284b1525"

[[package]]
name = "nrf9160dk-blink"
version = "0.1.0"
dependencies = [
 "drone-core",
 "drone-cortexm",
 "drone-nrf-map",
 "drone-nrf91-dso",
 "futures",
]

[[package]]
name = "pin-project-lite"
version = "0.2.6"
source = "registry+https://github.com/rust-lang/crates.io-index"
checksum = "dc0e1f259c92177c30a4c9d177246edd0a3568b25756a977d0632cf8fa37e905"

[[package]]
name = "pin-utils"
version = "0.1.0"
source = "registry+https://github.com/rust-lang/crates.io-index"
checksum = "8b870d8c151b6f2fb93e84a13146138f05d02ed11c7e7c54f8826aaaf7c9f184"

[[package]]
name = "proc-macro-hack"
version = "0.5.19"
source = "registry+https://github.com/rust-lang/crates.io-index"
checksum = "dbf0c48bc1d91375ae5c3cd81e3722dff1abcf81a30960240640d223f59fe0e5"

[[package]]
name = "proc-macro-nested"
version = "0.1.7"
source = "registry+https://github.com/rust-lang/crates.io-index"
checksum = "bc881b2c22681370c6a780e47af9840ef841837bc98118431d4e1868bd0c1086"

[[package]]
name = "proc-macro2"
version = "1.0.26"
source = "registry+https://github.com/rust-lang/crates.io-index"
checksum = "a152013215dca273577e18d2bf00fa862b89b24169fb78c4c95aeb07992c9cec"
dependencies = [
 "unicode-xid",
]

[[package]]
name = "quote"
version = "1.0.9"
source = "registry+https://github.com/rust-lang/crates.io-index"
checksum = "c3d0b9745dc2debf507c8422de05d7226cc1f0644216dfdfead988f9b1ab32a7"
dependencies = [
 "proc-macro2",
]

[[package]]
name = "regex"
version = "1.4.6"
source = "registry+https://github.com/rust-lang/crates.io-index"
checksum = "2a26af418b574bd56588335b3a3659a65725d4e636eb1016c2f9e3b38c7cc759"
dependencies = [
 "aho-corasick",
 "memchr",
 "regex-syntax",
]

[[package]]
name = "regex-syntax"
version = "0.6.23"
source = "registry+https://github.com/rust-lang/crates.io-index"
checksum = "24d5f089152e60f62d28b835fbff2cd2e8dc0baf1ac13343bef92ab7eed84548"

[[package]]
name = "serde"
version = "1.0.125"
source = "registry+https://github.com/rust-lang/crates.io-index"
checksum = "558dc50e1a5a5fa7112ca2ce4effcb321b0300c0d4ccf0776a9f60cd89031171"
dependencies = [
 "serde_derive",
]

[[package]]
name = "serde-xml-rs"
version = "0.4.1"
source = "registry+https://github.com/rust-lang/crates.io-index"
checksum = "f0bf1ba0696ccf0872866277143ff1fd14d22eec235d2b23702f95e6660f7dfa"
dependencies = [
 "log",
 "serde",
 "thiserror",
 "xml-rs",
]

[[package]]
name = "serde_derive"
version = "1.0.125"
source = "registry+https://github.com/rust-lang/crates.io-index"
checksum = "b093b7a2bb58203b5da3056c05b4ec1fed827dcfdb37347a8841695263b3d06d"
dependencies = [
 "proc-macro2",
 "quote",
 "syn",
]

[[package]]
name = "slab"
version = "0.4.3"
source = "registry+https://github.com/rust-lang/crates.io-index"
checksum = "f173ac3d1a7e3b28003f40de0b5ce7fe2710f9b9dc3fc38664cebee46b3b6527"

[[package]]
name = "syn"
version = "1.0.70"
source = "registry+https://github.com/rust-lang/crates.io-index"
checksum = "b9505f307c872bab8eb46f77ae357c8eba1fdacead58ee5a850116b1d7f82883"
dependencies = [
 "proc-macro2",
 "quote",
 "unicode-xid",
]

[[package]]
name = "thiserror"
version = "1.0.24"
source = "registry+https://github.com/rust-lang/crates.io-index"
checksum = "e0f4a65597094d4483ddaed134f409b2cb7c1beccf25201a9f73c719254fa98e"
dependencies = [
 "thiserror-impl",
]

[[package]]
name = "thiserror-impl"
version = "1.0.24"
source = "registry+https://github.com/rust-lang/crates.io-index"
checksum = "7765189610d8241a44529806d6fd1f2e0a08734313a35d5b3a556f92b381f3c0"
dependencies = [
 "proc-macro2",
 "quote",
 "syn",
]

[[package]]
name = "toml"
version = "0.5.8"
source = "registry+https://github.com/rust-lang/crates.io-index"
checksum = "a31142970826733df8241ef35dc040ef98c679ab14d7c3e54d827099b3acecaa"
dependencies = [
 "serde",
]

[[package]]
name = "typenum"
version = "1.13.0"
source = "registry+https://github.com/rust-lang/crates.io-index"
checksum = "879f6906492a7cd215bfa4cf595b600146ccfac0c79bcbd1f3000162af5e8b06"

[[package]]
name = "unicode-xid"
version = "0.2.1"
source = "registry+https://github.com/rust-lang/crates.io-index"
checksum = "f7fe0bb3479651439c9112f72b6c505038574c9fbb575ed1bf3b797fa39dd564"

[[package]]
name = "xml-rs"
version = "0.8.3"
source = "registry+https://github.com/rust-lang/crates.io-index"
checksum = "b07db065a5cf61a7e4ba64f29e67db906fb1787316516c4e6e5ff0fea1efcd8a"
